// !$*UTF8*$!
{
	archiveVersion = 1;
	classes = {
	};
	objectVersion = 46;
	objects = {

/* Begin PBXBuildFile section */
		0763043595F19D0E4EDB6455 /* libPods-AnimationTests.a in Frameworks */ = {isa = PBXBuildFile; fileRef = 1BB9A4F3DB8ED772921CA5C7 /* libPods-AnimationTests.a */; };
		3D0FBE1B3B258E6DF115B8B1 /* libPods-Animation.a in Frameworks */ = {isa = PBXBuildFile; fileRef = F2CBF48B72DB16F860944FC6 /* libPods-Animation.a */; };
		878258D71D8E715100A6A70B /* HFPositionViewController.m in Sources */ = {isa = PBXBuildFile; fileRef = 878258D61D8E715100A6A70B /* HFPositionViewController.m */; };
		878258DA1D8E719E00A6A70B /* HFOpacityViewController.m in Sources */ = {isa = PBXBuildFile; fileRef = 878258D91D8E719E00A6A70B /* HFOpacityViewController.m */; };
		878258DD1D8E71B200A6A70B /* HFScaleViewController.m in Sources */ = {isa = PBXBuildFile; fileRef = 878258DC1D8E71B200A6A70B /* HFScaleViewController.m */; };
		878258E01D8E71BF00A6A70B /* HFColorViewController.m in Sources */ = {isa = PBXBuildFile; fileRef = 878258DF1D8E71BF00A6A70B /* HFColorViewController.m */; };
		878258E31D8E71CD00A6A70B /* HFRatationViewController.m in Sources */ = {isa = PBXBuildFile; fileRef = 878258E21D8E71CD00A6A70B /* HFRatationViewController.m */; };
		878258E61D8E71D600A6A70B /* HFRepeatViewController.m in Sources */ = {isa = PBXBuildFile; fileRef = 878258E51D8E71D600A6A70B /* HFRepeatViewController.m */; };
		878258E91D8E71E600A6A70B /* HFEasingViewController.m in Sources */ = {isa = PBXBuildFile; fileRef = 878258E81D8E71E600A6A70B /* HFEasingViewController.m */; };
		878258EC1D8E71F700A6A70B /* HFSpringViewController.m in Sources */ = {isa = PBXBuildFile; fileRef = 878258EB1D8E71F700A6A70B /* HFSpringViewController.m */; };
		878258EF1D8E720800A6A70B /* HFLoginViewController.m in Sources */ = {isa = PBXBuildFile; fileRef = 878258EE1D8E720800A6A70B /* HFLoginViewController.m */; };
		878258F21D8E721500A6A70B /* HFKeyFrameViewController.m in Sources */ = {isa = PBXBuildFile; fileRef = 878258F11D8E721500A6A70B /* HFKeyFrameViewController.m */; };
		878258F51D8E722F00A6A70B /* HFLoginAutoLayoutViewController.m in Sources */ = {isa = PBXBuildFile; fileRef = 878258F41D8E722F00A6A70B /* HFLoginAutoLayoutViewController.m */; };
		878258F71D8F99E000A6A70B /* HFLogin.storyboard in Resources */ = {isa = PBXBuildFile; fileRef = 878258F61D8F99E000A6A70B /* HFLogin.storyboard */; };
		878258FA1D90CB1E00A6A70B /* UIView+HF.m in Sources */ = {isa = PBXBuildFile; fileRef = 878258F81D90CB1E00A6A70B /* UIView+HF.m */; };
		878258FD1D91288200A6A70B /* HFLoginSucessViewController.m in Sources */ = {isa = PBXBuildFile; fileRef = 878258FC1D91288200A6A70B /* HFLoginSucessViewController.m */; };
		87FBB5CA1D88FE0E0043418B /* main.m in Sources */ = {isa = PBXBuildFile; fileRef = 87FBB5C91D88FE0E0043418B /* main.m */; };
		87FBB5CD1D88FE0E0043418B /* AppDelegate.m in Sources */ = {isa = PBXBuildFile; fileRef = 87FBB5CC1D88FE0E0043418B /* AppDelegate.m */; };
		87FBB5D01D88FE0E0043418B /* ViewController.m in Sources */ = {isa = PBXBuildFile; fileRef = 87FBB5CF1D88FE0E0043418B /* ViewController.m */; };
		87FBB5D31D88FE0E0043418B /* Main.storyboard in Resources */ = {isa = PBXBuildFile; fileRef = 87FBB5D11D88FE0E0043418B /* Main.storyboard */; };
		87FBB5D51D88FE0E0043418B /* Assets.xcassets in Resources */ = {isa = PBXBuildFile; fileRef = 87FBB5D41D88FE0E0043418B /* Assets.xcassets */; };
		87FBB5D81D88FE0E0043418B /* LaunchScreen.storyboard in Resources */ = {isa = PBXBuildFile; fileRef = 87FBB5D61D88FE0E0043418B /* LaunchScreen.storyboard */; };
		87FBB5E31D88FE0E0043418B /* AnimationTests.m in Sources */ = {isa = PBXBuildFile; fileRef = 87FBB5E21D88FE0E0043418B /* AnimationTests.m */; };
		87FBB5EE1D88FE0E0043418B /* AnimationUITests.m in Sources */ = {isa = PBXBuildFile; fileRef = 87FBB5ED1D88FE0E0043418B /* AnimationUITests.m */; };
		87FBB6031D8900B60043418B /* HFBaseViewController.m in Sources */ = {isa = PBXBuildFile; fileRef = 87FBB6021D8900B60043418B /* HFBaseViewController.m */; };
		B5B4F8659E1960748D1BE361 /* libPods-AnimationUITests.a in Frameworks */ = {isa = PBXBuildFile; fileRef = F07DAF061FAB334747D175EE /* libPods-AnimationUITests.a */; };
/* End PBXBuildFile section */

/* Begin PBXContainerItemProxy section */
		87FBB5DF1D88FE0E0043418B /* PBXContainerItemProxy */ = {
			isa = PBXContainerItemProxy;
			containerPortal = 87FBB5BD1D88FE0E0043418B /* Project object */;
			proxyType = 1;
			remoteGlobalIDString = 87FBB5C41D88FE0E0043418B;
			remoteInfo = Animation;
		};
		87FBB5EA1D88FE0E0043418B /* PBXContainerItemProxy */ = {
			isa = PBXContainerItemProxy;
			containerPortal = 87FBB5BD1D88FE0E0043418B /* Project object */;
			proxyType = 1;
			remoteGlobalIDString = 87FBB5C41D88FE0E0043418B;
			remoteInfo = Animation;
		};
/* End PBXContainerItemProxy section */

/* Begin PBXFileReference section */
		1BB9A4F3DB8ED772921CA5C7 /* libPods-AnimationTests.a */ = {isa = PBXFileReference; explicitFileType = archive.ar; includeInIndex = 0; path = "libPods-AnimationTests.a"; sourceTree = BUILT_PRODUCTS_DIR; };
		4446EC56B9A51CBA432D450D /* Pods-AnimationTests.release.xcconfig */ = {isa = PBXFileReference; includeInIndex = 1; lastKnownFileType = text.xcconfig; name = "Pods-AnimationTests.release.xcconfig"; path = "Pods/Target Support Files/Pods-AnimationTests/Pods-AnimationTests.release.xcconfig"; sourceTree = "<group>"; };
		68AC54577FC1182F6D8556FA /* Pods-AnimationUITests.release.xcconfig */ = {isa = PBXFileReference; includeInIndex = 1; lastKnownFileType = text.xcconfig; name = "Pods-AnimationUITests.release.xcconfig"; path = "Pods/Target Support Files/Pods-AnimationUITests/Pods-AnimationUITests.release.xcconfig"; sourceTree = "<group>"; };
		878258D51D8E715100A6A70B /* HFPositionViewController.h */ = {isa = PBXFileReference; fileEncoding = 4; lastKnownFileType = sourcecode.c.h; path = HFPositionViewController.h; sourceTree = "<group>"; };
		878258D61D8E715100A6A70B /* HFPositionViewController.m */ = {isa = PBXFileReference; fileEncoding = 4; lastKnownFileType = sourcecode.c.objc; path = HFPositionViewController.m; sourceTree = "<group>"; };
		878258D81D8E719E00A6A70B /* HFOpacityViewController.h */ = {isa = PBXFileReference; fileEncoding = 4; lastKnownFileType = sourcecode.c.h; path = HFOpacityViewController.h; sourceTree = "<group>"; };
		878258D91D8E719E00A6A70B /* HFOpacityViewController.m */ = {isa = PBXFileReference; fileEncoding = 4; lastKnownFileType = sourcecode.c.objc; path = HFOpacityViewController.m; sourceTree = "<group>"; };
		878258DB1D8E71B200A6A70B /* HFScaleViewController.h */ = {isa = PBXFileReference; fileEncoding = 4; lastKnownFileType = sourcecode.c.h; path = HFScaleViewController.h; sourceTree = "<group>"; };
		878258DC1D8E71B200A6A70B /* HFScaleViewController.m */ = {isa = PBXFileReference; fileEncoding = 4; lastKnownFileType = sourcecode.c.objc; path = HFScaleViewController.m; sourceTree = "<group>"; };
		878258DE1D8E71BF00A6A70B /* HFColorViewController.h */ = {isa = PBXFileReference; fileEncoding = 4; lastKnownFileType = sourcecode.c.h; path = HFColorViewController.h; sourceTree = "<group>"; };
		878258DF1D8E71BF00A6A70B /* HFColorViewController.m */ = {isa = PBXFileReference; fileEncoding = 4; lastKnownFileType = sourcecode.c.objc; path = HFColorViewController.m; sourceTree = "<group>"; };
		878258E11D8E71CD00A6A70B /* HFRatationViewController.h */ = {isa = PBXFileReference; fileEncoding = 4; lastKnownFileType = sourcecode.c.h; path = HFRatationViewController.h; sourceTree = "<group>"; };
		878258E21D8E71CD00A6A70B /* HFRatationViewController.m */ = {isa = PBXFileReference; fileEncoding = 4; lastKnownFileType = sourcecode.c.objc; path = HFRatationViewController.m; sourceTree = "<group>"; };
		878258E41D8E71D600A6A70B /* HFRepeatViewController.h */ = {isa = PBXFileReference; fileEncoding = 4; lastKnownFileType = sourcecode.c.h; path = HFRepeatViewController.h; sourceTree = "<group>"; };
		878258E51D8E71D600A6A70B /* HFRepeatViewController.m */ = {isa = PBXFileReference; fileEncoding = 4; lastKnownFileType = sourcecode.c.objc; path = HFRepeatViewController.m; sourceTree = "<group>"; };
		878258E71D8E71E600A6A70B /* HFEasingViewController.h */ = {isa = PBXFileReference; fileEncoding = 4; lastKnownFileType = sourcecode.c.h; path = HFEasingViewController.h; sourceTree = "<group>"; };
		878258E81D8E71E600A6A70B /* HFEasingViewController.m */ = {isa = PBXFileReference; fileEncoding = 4; lastKnownFileType = sourcecode.c.objc; path = HFEasingViewController.m; sourceTree = "<group>"; };
		878258EA1D8E71F700A6A70B /* HFSpringViewController.h */ = {isa = PBXFileReference; fileEncoding = 4; lastKnownFileType = sourcecode.c.h; path = HFSpringViewController.h; sourceTree = "<group>"; };
		878258EB1D8E71F700A6A70B /* HFSpringViewController.m */ = {isa = PBXFileReference; fileEncoding = 4; lastKnownFileType = sourcecode.c.objc; path = HFSpringViewController.m; sourceTree = "<group>"; };
		878258ED1D8E720800A6A70B /* HFLoginViewController.h */ = {isa = PBXFileReference; fileEncoding = 4; lastKnownFileType = sourcecode.c.h; path = HFLoginViewController.h; sourceTree = "<group>"; };
		878258EE1D8E720800A6A70B /* HFLoginViewController.m */ = {isa = PBXFileReference; fileEncoding = 4; lastKnownFileType = sourcecode.c.objc; path = HFLoginViewController.m; sourceTree = "<group>"; };
		878258F01D8E721500A6A70B /* HFKeyFrameViewController.h */ = {isa = PBXFileReference; fileEncoding = 4; lastKnownFileType = sourcecode.c.h; path = HFKeyFrameViewController.h; sourceTree = "<group>"; };
		878258F11D8E721500A6A70B /* HFKeyFrameViewController.m */ = {isa = PBXFileReference; fileEncoding = 4; lastKnownFileType = sourcecode.c.objc; path = HFKeyFrameViewController.m; sourceTree = "<group>"; };
		878258F31D8E722F00A6A70B /* HFLoginAutoLayoutViewController.h */ = {isa = PBXFileReference; fileEncoding = 4; lastKnownFileType = sourcecode.c.h; path = HFLoginAutoLayoutViewController.h; sourceTree = "<group>"; };
		878258F41D8E722F00A6A70B /* HFLoginAutoLayoutViewController.m */ = {isa = PBXFileReference; fileEncoding = 4; lastKnownFileType = sourcecode.c.objc; path = HFLoginAutoLayoutViewController.m; sourceTree = "<group>"; };
		878258F61D8F99E000A6A70B /* HFLogin.storyboard */ = {isa = PBXFileReference; fileEncoding = 4; lastKnownFileType = file.storyboard; path = HFLogin.storyboard; sourceTree = "<group>"; };
		878258F81D90CB1E00A6A70B /* UIView+HF.m */ = {isa = PBXFileReference; fileEncoding = 4; lastKnownFileType = sourcecode.c.objc; path = "UIView+HF.m"; sourceTree = "<group>"; };
		878258F91D90CB1E00A6A70B /* UIView+HF.h */ = {isa = PBXFileReference; fileEncoding = 4; lastKnownFileType = sourcecode.c.h; path = "UIView+HF.h"; sourceTree = "<group>"; };
		878258FB1D91288200A6A70B /* HFLoginSucessViewController.h */ = {isa = PBXFileReference; fileEncoding = 4; lastKnownFileType = sourcecode.c.h; path = HFLoginSucessViewController.h; sourceTree = "<group>"; };
		878258FC1D91288200A6A70B /* HFLoginSucessViewController.m */ = {isa = PBXFileReference; fileEncoding = 4; lastKnownFileType = sourcecode.c.objc; path = HFLoginSucessViewController.m; sourceTree = "<group>"; };
		87FBB5C51D88FE0E0043418B /* Animation.app */ = {isa = PBXFileReference; explicitFileType = wrapper.application; includeInIndex = 0; path = Animation.app; sourceTree = BUILT_PRODUCTS_DIR; };
		87FBB5C91D88FE0E0043418B /* main.m */ = {isa = PBXFileReference; lastKnownFileType = sourcecode.c.objc; path = main.m; sourceTree = "<group>"; };
		87FBB5CB1D88FE0E0043418B /* AppDelegate.h */ = {isa = PBXFileReference; lastKnownFileType = sourcecode.c.h; path = AppDelegate.h; sourceTree = "<group>"; };
		87FBB5CC1D88FE0E0043418B /* AppDelegate.m */ = {isa = PBXFileReference; lastKnownFileType = sourcecode.c.objc; path = AppDelegate.m; sourceTree = "<group>"; };
		87FBB5CE1D88FE0E0043418B /* ViewController.h */ = {isa = PBXFileReference; lastKnownFileType = sourcecode.c.h; path = ViewController.h; sourceTree = "<group>"; };
		87FBB5CF1D88FE0E0043418B /* ViewController.m */ = {isa = PBXFileReference; lastKnownFileType = sourcecode.c.objc; path = ViewController.m; sourceTree = "<group>"; };
		87FBB5D21D88FE0E0043418B /* Base */ = {isa = PBXFileReference; lastKnownFileType = file.storyboard; name = Base; path = Base.lproj/Main.storyboard; sourceTree = "<group>"; };
		87FBB5D41D88FE0E0043418B /* Assets.xcassets */ = {isa = PBXFileReference; lastKnownFileType = folder.assetcatalog; path = Assets.xcassets; sourceTree = "<group>"; };
		87FBB5D71D88FE0E0043418B /* Base */ = {isa = PBXFileReference; lastKnownFileType = file.storyboard; name = Base; path = Base.lproj/LaunchScreen.storyboard; sourceTree = "<group>"; };
		87FBB5D91D88FE0E0043418B /* Info.plist */ = {isa = PBXFileReference; lastKnownFileType = text.plist.xml; path = Info.plist; sourceTree = "<group>"; };
		87FBB5DE1D88FE0E0043418B /* AnimationTests.xctest */ = {isa = PBXFileReference; explicitFileType = wrapper.cfbundle; includeInIndex = 0; path = AnimationTests.xctest; sourceTree = BUILT_PRODUCTS_DIR; };
		87FBB5E21D88FE0E0043418B /* AnimationTests.m */ = {isa = PBXFileReference; lastKnownFileType = sourcecode.c.objc; path = AnimationTests.m; sourceTree = "<group>"; };
		87FBB5E41D88FE0E0043418B /* Info.plist */ = {isa = PBXFileReference; lastKnownFileType = text.plist.xml; path = Info.plist; sourceTree = "<group>"; };
		87FBB5E91D88FE0E0043418B /* AnimationUITests.xctest */ = {isa = PBXFileReference; explicitFileType = wrapper.cfbundle; includeInIndex = 0; path = AnimationUITests.xctest; sourceTree = BUILT_PRODUCTS_DIR; };
		87FBB5ED1D88FE0E0043418B /* AnimationUITests.m */ = {isa = PBXFileReference; lastKnownFileType = sourcecode.c.objc; path = AnimationUITests.m; sourceTree = "<group>"; };
		87FBB5EF1D88FE0E0043418B /* Info.plist */ = {isa = PBXFileReference; lastKnownFileType = text.plist.xml; path = Info.plist; sourceTree = "<group>"; };
		87FBB6011D8900B60043418B /* HFBaseViewController.h */ = {isa = PBXFileReference; fileEncoding = 4; lastKnownFileType = sourcecode.c.h; path = HFBaseViewController.h; sourceTree = "<group>"; };
		87FBB6021D8900B60043418B /* HFBaseViewController.m */ = {isa = PBXFileReference; fileEncoding = 4; lastKnownFileType = sourcecode.c.objc; path = HFBaseViewController.m; sourceTree = "<group>"; };
		87FBB6041D89023E0043418B /* configuration.pch */ = {isa = PBXFileReference; lastKnownFileType = sourcecode.c.h; path = configuration.pch; sourceTree = "<group>"; };
		8CBDC3C8CC4500F5D1E9123A /* Pods-AnimationUITests.debug.xcconfig */ = {isa = PBXFileReference; includeInIndex = 1; lastKnownFileType = text.xcconfig; name = "Pods-AnimationUITests.debug.xcconfig"; path = "Pods/Target Support Files/Pods-AnimationUITests/Pods-AnimationUITests.debug.xcconfig"; sourceTree = "<group>"; };
		B59144C0B8D7D42F70C8BF81 /* Pods-Animation.release.xcconfig */ = {isa = PBXFileReference; includeInIndex = 1; lastKnownFileType = text.xcconfig; name = "Pods-Animation.release.xcconfig"; path = "Pods/Target Support Files/Pods-Animation/Pods-Animation.release.xcconfig"; sourceTree = "<group>"; };
		B628727812C71C6E13CCC5DA /* Pods-Animation.debug.xcconfig */ = {isa = PBXFileReference; includeInIndex = 1; lastKnownFileType = text.xcconfig; name = "Pods-Animation.debug.xcconfig"; path = "Pods/Target Support Files/Pods-Animation/Pods-Animation.debug.xcconfig"; sourceTree = "<group>"; };
		F07DAF061FAB334747D175EE /* libPods-AnimationUITests.a */ = {isa = PBXFileReference; explicitFileType = archive.ar; includeInIndex = 0; path = "libPods-AnimationUITests.a"; sourceTree = BUILT_PRODUCTS_DIR; };
		F2CBF48B72DB16F860944FC6 /* libPods-Animation.a */ = {isa = PBXFileReference; explicitFileType = archive.ar; includeInIndex = 0; path = "libPods-Animation.a"; sourceTree = BUILT_PRODUCTS_DIR; };
		F3CB3180A94CC475B67AE0C2 /* Pods-AnimationTests.debug.xcconfig */ = {isa = PBXFileReference; includeInIndex = 1; lastKnownFileType = text.xcconfig; name = "Pods-AnimationTests.debug.xcconfig"; path = "Pods/Target Support Files/Pods-AnimationTests/Pods-AnimationTests.debug.xcconfig"; sourceTree = "<group>"; };
/* End PBXFileReference section */

/* Begin PBXFrameworksBuildPhase section */
		87FBB5C21D88FE0E0043418B /* Frameworks */ = {
			isa = PBXFrameworksBuildPhase;
			buildActionMask = 2147483647;
			files = (
				3D0FBE1B3B258E6DF115B8B1 /* libPods-Animation.a in Frameworks */,
			);
			runOnlyForDeploymentPostprocessing = 0;
		};
		87FBB5DB1D88FE0E0043418B /* Frameworks */ = {
			isa = PBXFrameworksBuildPhase;
			buildActionMask = 2147483647;
			files = (
				0763043595F19D0E4EDB6455 /* libPods-AnimationTests.a in Frameworks */,
			);
			runOnlyForDeploymentPostprocessing = 0;
		};
		87FBB5E61D88FE0E0043418B /* Frameworks */ = {
			isa = PBXFrameworksBuildPhase;
			buildActionMask = 2147483647;
			files = (
				B5B4F8659E1960748D1BE361 /* libPods-AnimationUITests.a in Frameworks */,
			);
			runOnlyForDeploymentPostprocessing = 0;
		};
/* End PBXFrameworksBuildPhase section */

/* Begin PBXGroup section */
		78A7282F692D6A40CBBEAA03 /* Pods */ = {
			isa = PBXGroup;
			children = (
				B628727812C71C6E13CCC5DA /* Pods-Animation.debug.xcconfig */,
				B59144C0B8D7D42F70C8BF81 /* Pods-Animation.release.xcconfig */,
				F3CB3180A94CC475B67AE0C2 /* Pods-AnimationTests.debug.xcconfig */,
				4446EC56B9A51CBA432D450D /* Pods-AnimationTests.release.xcconfig */,
				8CBDC3C8CC4500F5D1E9123A /* Pods-AnimationUITests.debug.xcconfig */,
				68AC54577FC1182F6D8556FA /* Pods-AnimationUITests.release.xcconfig */,
			);
			name = Pods;
			sourceTree = "<group>";
		};
		87FBB5BC1D88FE0E0043418B = {
			isa = PBXGroup;
			children = (
				87FBB5C71D88FE0E0043418B /* Animation */,
				87FBB5E11D88FE0E0043418B /* AnimationTests */,
				87FBB5EC1D88FE0E0043418B /* AnimationUITests */,
				87FBB5C61D88FE0E0043418B /* Products */,
				78A7282F692D6A40CBBEAA03 /* Pods */,
				FB52DDB2C46054AFC3BC233B /* Frameworks */,
			);
			sourceTree = "<group>";
		};
		87FBB5C61D88FE0E0043418B /* Products */ = {
			isa = PBXGroup;
			children = (
				87FBB5C51D88FE0E0043418B /* Animation.app */,
				87FBB5DE1D88FE0E0043418B /* AnimationTests.xctest */,
				87FBB5E91D88FE0E0043418B /* AnimationUITests.xctest */,
			);
			name = Products;
			sourceTree = "<group>";
		};
		87FBB5C71D88FE0E0043418B /* Animation */ = {
			isa = PBXGroup;
			children = (
				87FBB6001D88FFEE0043418B /* Classes */,
				87FBB5FF1D88FFAD0043418B /* Comman */,
				87FBB5FE1D88FFA40043418B /* Other */,
				87FBB5C81D88FE0E0043418B /* Supporting Files */,
			);
			path = Animation;
			sourceTree = "<group>";
		};
		87FBB5C81D88FE0E0043418B /* Supporting Files */ = {
			isa = PBXGroup;
			children = (
				87FBB5C91D88FE0E0043418B /* main.m */,
			);
			name = "Supporting Files";
			sourceTree = "<group>";
		};
		87FBB5E11D88FE0E0043418B /* AnimationTests */ = {
			isa = PBXGroup;
			children = (
				87FBB5E21D88FE0E0043418B /* AnimationTests.m */,
				87FBB5E41D88FE0E0043418B /* Info.plist */,
			);
			path = AnimationTests;
			sourceTree = "<group>";
		};
		87FBB5EC1D88FE0E0043418B /* AnimationUITests */ = {
			isa = PBXGroup;
			children = (
				87FBB5ED1D88FE0E0043418B /* AnimationUITests.m */,
				87FBB5EF1D88FE0E0043418B /* Info.plist */,
			);
			path = AnimationUITests;
			sourceTree = "<group>";
		};
		87FBB5FB1D88FF880043418B /* Model */ = {
			isa = PBXGroup;
			children = (
			);
			name = Model;
			sourceTree = "<group>";
		};
		87FBB5FC1D88FF910043418B /* View */ = {
			isa = PBXGroup;
			children = (
			);
			name = View;
			sourceTree = "<group>";
		};
		87FBB5FD1D88FF980043418B /* Controller */ = {
			isa = PBXGroup;
			children = (
				87FBB5CE1D88FE0E0043418B /* ViewController.h */,
				87FBB5CF1D88FE0E0043418B /* ViewController.m */,
				878258D51D8E715100A6A70B /* HFPositionViewController.h */,
				878258D61D8E715100A6A70B /* HFPositionViewController.m */,
				878258D81D8E719E00A6A70B /* HFOpacityViewController.h */,
				878258D91D8E719E00A6A70B /* HFOpacityViewController.m */,
				878258DB1D8E71B200A6A70B /* HFScaleViewController.h */,
				878258DC1D8E71B200A6A70B /* HFScaleViewController.m */,
				878258DE1D8E71BF00A6A70B /* HFColorViewController.h */,
				878258DF1D8E71BF00A6A70B /* HFColorViewController.m */,
				878258E11D8E71CD00A6A70B /* HFRatationViewController.h */,
				878258E21D8E71CD00A6A70B /* HFRatationViewController.m */,
				878258E41D8E71D600A6A70B /* HFRepeatViewController.h */,
				878258E51D8E71D600A6A70B /* HFRepeatViewController.m */,
				878258E71D8E71E600A6A70B /* HFEasingViewController.h */,
				878258E81D8E71E600A6A70B /* HFEasingViewController.m */,
				878258EA1D8E71F700A6A70B /* HFSpringViewController.h */,
				878258EB1D8E71F700A6A70B /* HFSpringViewController.m */,
				878258ED1D8E720800A6A70B /* HFLoginViewController.h */,
				878258EE1D8E720800A6A70B /* HFLoginViewController.m */,
				878258FB1D91288200A6A70B /* HFLoginSucessViewController.h */,
				878258FC1D91288200A6A70B /* HFLoginSucessViewController.m */,
				878258F61D8F99E000A6A70B /* HFLogin.storyboard */,
				878258F01D8E721500A6A70B /* HFKeyFrameViewController.h */,
				878258F11D8E721500A6A70B /* HFKeyFrameViewController.m */,
				878258F31D8E722F00A6A70B /* HFLoginAutoLayoutViewController.h */,
				878258F41D8E722F00A6A70B /* HFLoginAutoLayoutViewController.m */,
			);
			name = Controller;
			sourceTree = "<group>";
		};
		87FBB5FE1D88FFA40043418B /* Other */ = {
			isa = PBXGroup;
			children = (
				87FBB5CB1D88FE0E0043418B /* AppDelegate.h */,
				87FBB5CC1D88FE0E0043418B /* AppDelegate.m */,
				87FBB5D11D88FE0E0043418B /* Main.storyboard */,
				87FBB5D41D88FE0E0043418B /* Assets.xcassets */,
				87FBB5D61D88FE0E0043418B /* LaunchScreen.storyboard */,
				87FBB5D91D88FE0E0043418B /* Info.plist */,
			);
			name = Other;
			sourceTree = "<group>";
		};
		87FBB5FF1D88FFAD0043418B /* Comman */ = {
			isa = PBXGroup;
			children = (
				87FBB6011D8900B60043418B /* HFBaseViewController.h */,
				87FBB6021D8900B60043418B /* HFBaseViewController.m */,
				878258F91D90CB1E00A6A70B /* UIView+HF.h */,
				878258F81D90CB1E00A6A70B /* UIView+HF.m */,
				87FBB6041D89023E0043418B /* configuration.pch */,
			);
			name = Comman;
			sourceTree = "<group>";
		};
		87FBB6001D88FFEE0043418B /* Classes */ = {
			isa = PBXGroup;
			children = (
				87FBB5FD1D88FF980043418B /* Controller */,
				87FBB5FC1D88FF910043418B /* View */,
				87FBB5FB1D88FF880043418B /* Model */,
			);
			name = Classes;
			sourceTree = "<group>";
		};
		FB52DDB2C46054AFC3BC233B /* Frameworks */ = {
			isa = PBXGroup;
			children = (
				F2CBF48B72DB16F860944FC6 /* libPods-Animation.a */,
				1BB9A4F3DB8ED772921CA5C7 /* libPods-AnimationTests.a */,
				F07DAF061FAB334747D175EE /* libPods-AnimationUITests.a */,
			);
			name = Frameworks;
			sourceTree = "<group>";
		};
/* End PBXGroup section */

/* Begin PBXNativeTarget section */
		87FBB5C41D88FE0E0043418B /* Animation */ = {
			isa = PBXNativeTarget;
			buildConfigurationList = 87FBB5F21D88FE0E0043418B /* Build configuration list for PBXNativeTarget "Animation" */;
			buildPhases = (
				F705685E9B4B63050458E7F5 /* [CP] Check Pods Manifest.lock */,
				87FBB5C11D88FE0E0043418B /* Sources */,
				87FBB5C21D88FE0E0043418B /* Frameworks */,
				87FBB5C31D88FE0E0043418B /* Resources */,
				8F0BFB525757458DB776326B /* [CP] Embed Pods Frameworks */,
				DFC7A05CC9138D83837CE4C3 /* [CP] Copy Pods Resources */,
			);
			buildRules = (
			);
			dependencies = (
			);
			name = Animation;
			productName = Animation;
			productReference = 87FBB5C51D88FE0E0043418B /* Animation.app */;
			productType = "com.apple.product-type.application";
		};
		87FBB5DD1D88FE0E0043418B /* AnimationTests */ = {
			isa = PBXNativeTarget;
			buildConfigurationList = 87FBB5F51D88FE0E0043418B /* Build configuration list for PBXNativeTarget "AnimationTests" */;
			buildPhases = (
				9133E57B9201364200D3F429 /* [CP] Check Pods Manifest.lock */,
				87FBB5DA1D88FE0E0043418B /* Sources */,
				87FBB5DB1D88FE0E0043418B /* Frameworks */,
				87FBB5DC1D88FE0E0043418B /* Resources */,
				4D97A53B9D61EC6A8C0AA6A7 /* [CP] Embed Pods Frameworks */,
				32F02A08F832DB834D2CFE92 /* [CP] Copy Pods Resources */,
			);
			buildRules = (
			);
			dependencies = (
				87FBB5E01D88FE0E0043418B /* PBXTargetDependency */,
			);
			name = AnimationTests;
			productName = AnimationTests;
			productReference = 87FBB5DE1D88FE0E0043418B /* AnimationTests.xctest */;
			productType = "com.apple.product-type.bundle.unit-test";
		};
		87FBB5E81D88FE0E0043418B /* AnimationUITests */ = {
			isa = PBXNativeTarget;
			buildConfigurationList = 87FBB5F81D88FE0E0043418B /* Build configuration list for PBXNativeTarget "AnimationUITests" */;
			buildPhases = (
				97DBBCBB26A62659BD680795 /* [CP] Check Pods Manifest.lock */,
				87FBB5E51D88FE0E0043418B /* Sources */,
				87FBB5E61D88FE0E0043418B /* Frameworks */,
				87FBB5E71D88FE0E0043418B /* Resources */,
				A8FCEB719F7305281C845396 /* [CP] Copy Pods Resources */,
			);
			buildRules = (
			);
			dependencies = (
				87FBB5EB1D88FE0E0043418B /* PBXTargetDependency */,
			);
			name = AnimationUITests;
			productName = AnimationUITests;
			productReference = 87FBB5E91D88FE0E0043418B /* AnimationUITests.xctest */;
			productType = "com.apple.product-type.bundle.ui-testing";
		};
/* End PBXNativeTarget section */

/* Begin PBXProject section */
		87FBB5BD1D88FE0E0043418B /* Project object */ = {
			isa = PBXProject;
			attributes = {
				CLASSPREFIX = HF;
				LastUpgradeCheck = 0720;
				ORGANIZATIONNAME = dahuangfeng;
				TargetAttributes = {
					87FBB5C41D88FE0E0043418B = {
						CreatedOnToolsVersion = 7.2.1;
					};
					87FBB5DD1D88FE0E0043418B = {
						CreatedOnToolsVersion = 7.2.1;
						TestTargetID = 87FBB5C41D88FE0E0043418B;
					};
					87FBB5E81D88FE0E0043418B = {
						CreatedOnToolsVersion = 7.2.1;
						TestTargetID = 87FBB5C41D88FE0E0043418B;
					};
				};
			};
			buildConfigurationList = 87FBB5C01D88FE0E0043418B /* Build configuration list for PBXProject "Animation" */;
			compatibilityVersion = "Xcode 3.2";
			developmentRegion = English;
			hasScannedForEncodings = 0;
			knownRegions = (
				en,
				Base,
			);
			mainGroup = 87FBB5BC1D88FE0E0043418B;
			productRefGroup = 87FBB5C61D88FE0E0043418B /* Products */;
			projectDirPath = "";
			projectRoot = "";
			targets = (
				87FBB5C41D88FE0E0043418B /* Animation */,
				87FBB5DD1D88FE0E0043418B /* AnimationTests */,
				87FBB5E81D88FE0E0043418B /* AnimationUITests */,
			);
		};
/* End PBXProject section */

/* Begin PBXResourcesBuildPhase section */
		87FBB5C31D88FE0E0043418B /* Resources */ = {
			isa = PBXResourcesBuildPhase;
			buildActionMask = 2147483647;
			files = (
				878258F71D8F99E000A6A70B /* HFLogin.storyboard in Resources */,
				87FBB5D81D88FE0E0043418B /* LaunchScreen.storyboard in Resources */,
				87FBB5D51D88FE0E0043418B /* Assets.xcassets in Resources */,
				87FBB5D31D88FE0E0043418B /* Main.storyboard in Resources */,
			);
			runOnlyForDeploymentPostprocessing = 0;
		};
		87FBB5DC1D88FE0E0043418B /* Resources */ = {
			isa = PBXResourcesBuildPhase;
			buildActionMask = 2147483647;
			files = (
			);
			runOnlyForDeploymentPostprocessing = 0;
		};
		87FBB5E71D88FE0E0043418B /* Resources */ = {
			isa = PBXResourcesBuildPhase;
			buildActionMask = 2147483647;
			files = (
			);
			runOnlyForDeploymentPostprocessing = 0;
		};
/* End PBXResourcesBuildPhase section */

/* Begin PBXShellScriptBuildPhase section */
		32F02A08F832DB834D2CFE92 /* [CP] Copy Pods Resources */ = {
			isa = PBXShellScriptBuildPhase;
			buildActionMask = 2147483647;
			files = (
			);
			inputPaths = (
			);
			name = "[CP] Copy Pods Resources";
			outputPaths = (
			);
			runOnlyForDeploymentPostprocessing = 0;
			shellPath = /bin/sh;
			shellScript = "\"${SRCROOT}/Pods/Target Support Files/Pods-AnimationTests/Pods-AnimationTests-resources.sh\"\n";
			showEnvVarsInLog = 0;
		};
		4D97A53B9D61EC6A8C0AA6A7 /* [CP] Embed Pods Frameworks */ = {
			isa = PBXShellScriptBuildPhase;
			buildActionMask = 2147483647;
			files = (
			);
			inputPaths = (
			);
			name = "[CP] Embed Pods Frameworks";
			outputPaths = (
			);
			runOnlyForDeploymentPostprocessing = 0;
			shellPath = /bin/sh;
			shellScript = "\"${SRCROOT}/Pods/Target Support Files/Pods-AnimationTests/Pods-AnimationTests-frameworks.sh\"\n";
			showEnvVarsInLog = 0;
		};
		8F0BFB525757458DB776326B /* [CP] Embed Pods Frameworks */ = {
			isa = PBXShellScriptBuildPhase;
			buildActionMask = 2147483647;
			files = (
			);
			inputPaths = (
			);
			name = "[CP] Embed Pods Frameworks";
			outputPaths = (
			);
			runOnlyForDeploymentPostprocessing = 0;
			shellPath = /bin/sh;
			shellScript = "\"${SRCROOT}/Pods/Target Support Files/Pods-Animation/Pods-Animation-frameworks.sh\"\n";
			showEnvVarsInLog = 0;
		};
		9133E57B9201364200D3F429 /* [CP] Check Pods Manifest.lock */ = {
			isa = PBXShellScriptBuildPhase;
			buildActionMask = 2147483647;
			files = (
			);
			inputPaths = (
			);
			name = "[CP] Check Pods Manifest.lock";
			outputPaths = (
			);
			runOnlyForDeploymentPostprocessing = 0;
			shellPath = /bin/sh;
			shellScript = "diff \"${PODS_ROOT}/../Podfile.lock\" \"${PODS_ROOT}/Manifest.lock\" > /dev/null\nif [[ $? != 0 ]] ; then\n    cat << EOM\nerror: The sandbox is not in sync with the Podfile.lock. Run 'pod install' or update your CocoaPods installation.\nEOM\n    exit 1\nfi\n";
			showEnvVarsInLog = 0;
		};
		97DBBCBB26A62659BD680795 /* [CP] Check Pods Manifest.lock */ = {
			isa = PBXShellScriptBuildPhase;
			buildActionMask = 2147483647;
			files = (
			);
			inputPaths = (
			);
			name = "[CP] Check Pods Manifest.lock";
			outputPaths = (
			);
			runOnlyForDeploymentPostprocessing = 0;
			shellPath = /bin/sh;
			shellScript = "diff \"${PODS_ROOT}/../Podfile.lock\" \"${PODS_ROOT}/Manifest.lock\" > /dev/null\nif [[ $? != 0 ]] ; then\n    cat << EOM\nerror: The sandbox is not in sync with the Podfile.lock. Run 'pod install' or update your CocoaPods installation.\nEOM\n    exit 1\nfi\n";
			showEnvVarsInLog = 0;
		};
		A8FCEB719F7305281C845396 /* [CP] Copy Pods Resources */ = {
			isa = PBXShellScriptBuildPhase;
			buildActionMask = 2147483647;
			files = (
			);
			inputPaths = (
			);
			name = "[CP] Copy Pods Resources";
			outputPaths = (
			);
			runOnlyForDeploymentPostprocessing = 0;
			shellPath = /bin/sh;
			shellScript = "\"${SRCROOT}/Pods/Target Support Files/Pods-AnimationUITests/Pods-AnimationUITests-resources.sh\"\n";
			showEnvVarsInLog = 0;
		};
		DFC7A05CC9138D83837CE4C3 /* [CP] Copy Pods Resources */ = {
			isa = PBXShellScriptBuildPhase;
			buildActionMask = 2147483647;
			files = (
			);
			inputPaths = (
			);
			name = "[CP] Copy Pods Resources";
			outputPaths = (
			);
			runOnlyForDeploymentPostprocessing = 0;
			shellPath = /bin/sh;
			shellScript = "\"${SRCROOT}/Pods/Target Support Files/Pods-Animation/Pods-Animation-resources.sh\"\n";
			showEnvVarsInLog = 0;
		};
		F705685E9B4B63050458E7F5 /* [CP] Check Pods Manifest.lock */ = {
			isa = PBXShellScriptBuildPhase;
			buildActionMask = 2147483647;
			files = (
			);
			inputPaths = (
			);
			name = "[CP] Check Pods Manifest.lock";
			outputPaths = (
			);
			runOnlyForDeploymentPostprocessing = 0;
			shellPath = /bin/sh;
			shellScript = "diff \"${PODS_ROOT}/../Podfile.lock\" \"${PODS_ROOT}/Manifest.lock\" > /dev/null\nif [[ $? != 0 ]] ; then\n    cat << EOM\nerror: The sandbox is not in sync with the Podfile.lock. Run 'pod install' or update your CocoaPods installation.\nEOM\n    exit 1\nfi\n";
			showEnvVarsInLog = 0;
		};
/* End PBXShellScriptBuildPhase section */

/* Begin PBXSourcesBuildPhase section */
		87FBB5C11D88FE0E0043418B /* Sources */ = {
			isa = PBXSourcesBuildPhase;
			buildActionMask = 2147483647;
			files = (
				878258F51D8E722F00A6A70B /* HFLoginAutoLayoutViewController.m in Sources */,
				878258DA1D8E719E00A6A70B /* HFOpacityViewController.m in Sources */,
				87FBB5D01D88FE0E0043418B /* ViewController.m in Sources */,
				878258F21D8E721500A6A70B /* HFKeyFrameViewController.m in Sources */,
				878258EF1D8E720800A6A70B /* HFLoginViewController.m in Sources */,
				87FBB6031D8900B60043418B /* HFBaseViewController.m in Sources */,
				878258E31D8E71CD00A6A70B /* HFRatationViewController.m in Sources */,
				87FBB5CD1D88FE0E0043418B /* AppDelegate.m in Sources */,
				878258FA1D90CB1E00A6A70B /* UIView+HF.m in Sources */,
				878258D71D8E715100A6A70B /* HFPositionViewController.m in Sources */,
				878258DD1D8E71B200A6A70B /* HFScaleViewController.m in Sources */,
				878258E01D8E71BF00A6A70B /* HFColorViewController.m in Sources */,
				878258E91D8E71E600A6A70B /* HFEasingViewController.m in Sources */,
				87FBB5CA1D88FE0E0043418B /* main.m in Sources */,
				878258FD1D91288200A6A70B /* HFLoginSucessViewController.m in Sources */,
				878258E61D8E71D600A6A70B /* HFRepeatViewController.m in Sources */,
				878258EC1D8E71F700A6A70B /* HFSpringViewController.m in Sources */,
			);
			runOnlyForDeploymentPostprocessing = 0;
		};
		87FBB5DA1D88FE0E0043418B /* Sources */ = {
			isa = PBXSourcesBuildPhase;
			buildActionMask = 2147483647;
			files = (
				87FBB5E31D88FE0E0043418B /* AnimationTests.m in Sources */,
			);
			runOnlyForDeploymentPostprocessing = 0;
		};
		87FBB5E51D88FE0E0043418B /* Sources */ = {
			isa = PBXSourcesBuildPhase;
			buildActionMask = 2147483647;
			files = (
				87FBB5EE1D88FE0E0043418B /* AnimationUITests.m in Sources */,
			);
			runOnlyForDeploymentPostprocessing = 0;
		};
/* End PBXSourcesBuildPhase section */

/* Begin PBXTargetDependency section */
		87FBB5E01D88FE0E0043418B /* PBXTargetDependency */ = {
			isa = PBXTargetDependency;
			target = 87FBB5C41D88FE0E0043418B /* Animation */;
			targetProxy = 87FBB5DF1D88FE0E0043418B /* PBXContainerItemProxy */;
		};
		87FBB5EB1D88FE0E0043418B /* PBXTargetDependency */ = {
			isa = PBXTargetDependency;
			target = 87FBB5C41D88FE0E0043418B /* Animation */;
			targetProxy = 87FBB5EA1D88FE0E0043418B /* PBXContainerItemProxy */;
		};
/* End PBXTargetDependency section */

/* Begin PBXVariantGroup section */
		87FBB5D11D88FE0E0043418B /* Main.storyboard */ = {
			isa = PBXVariantGroup;
			children = (
				87FBB5D21D88FE0E0043418B /* Base */,
			);
			name = Main.storyboard;
			sourceTree = "<group>";
		};
		87FBB5D61D88FE0E0043418B /* LaunchScreen.storyboard */ = {
			isa = PBXVariantGroup;
			children = (
				87FBB5D71D88FE0E0043418B /* Base */,
			);
			name = LaunchScreen.storyboard;
			sourceTree = "<group>";
		};
/* End PBXVariantGroup section */

/* Begin XCBuildConfiguration section */
		87FBB5F01D88FE0E0043418B /* Debug */ = {
			isa = XCBuildConfiguration;
			buildSettings = {
				ALWAYS_SEARCH_USER_PATHS = NO;
				CLANG_CXX_LANGUAGE_STANDARD = "gnu++0x";
				CLANG_CXX_LIBRARY = "libc++";
				CLANG_ENABLE_MODULES = YES;
				CLANG_ENABLE_OBJC_ARC = YES;
				CLANG_WARN_BOOL_CONVERSION = YES;
				CLANG_WARN_CONSTANT_CONVERSION = YES;
				CLANG_WARN_DIRECT_OBJC_ISA_USAGE = YES_ERROR;
				CLANG_WARN_EMPTY_BODY = YES;
				CLANG_WARN_ENUM_CONVERSION = YES;
				CLANG_WARN_INT_CONVERSION = YES;
				CLANG_WARN_OBJC_ROOT_CLASS = YES_ERROR;
				CLANG_WARN_UNREACHABLE_CODE = YES;
				CLANG_WARN__DUPLICATE_METHOD_MATCH = YES;
				"CODE_SIGN_IDENTITY[sdk=iphoneos*]" = "iPhone Developer";
				COPY_PHASE_STRIP = NO;
				DEBUG_INFORMATION_FORMAT = dwarf;
				ENABLE_STRICT_OBJC_MSGSEND = YES;
				ENABLE_TESTABILITY = YES;
				GCC_C_LANGUAGE_STANDARD = gnu99;
				GCC_DYNAMIC_NO_PIC = NO;
				GCC_NO_COMMON_BLOCKS = YES;
				GCC_OPTIMIZATION_LEVEL = 0;
				GCC_PREPROCESSOR_DEFINITIONS = (
					"DEBUG=1",
					"$(inherited)",
				);
				GCC_WARN_64_TO_32_BIT_CONVERSION = YES;
				GCC_WARN_ABOUT_RETURN_TYPE = YES_ERROR;
				GCC_WARN_UNDECLARED_SELECTOR = YES;
				GCC_WARN_UNINITIALIZED_AUTOS = YES_AGGRESSIVE;
				GCC_WARN_UNUSED_FUNCTION = YES;
				GCC_WARN_UNUSED_VARIABLE = YES;
				IPHONEOS_DEPLOYMENT_TARGET = 9.2;
				MTL_ENABLE_DEBUG_INFO = YES;
				ONLY_ACTIVE_ARCH = YES;
				SDKROOT = iphoneos;
				TARGETED_DEVICE_FAMILY = "1,2";
			};
			name = Debug;
		};
		87FBB5F11D88FE0E0043418B /* Release */ = {
			isa = XCBuildConfiguration;
			buildSettings = {
				ALWAYS_SEARCH_USER_PATHS = NO;
				CLANG_CXX_LANGUAGE_STANDARD = "gnu++0x";
				CLANG_CXX_LIBRARY = "libc++";
				CLANG_ENABLE_MODULES = YES;
				CLANG_ENABLE_OBJC_ARC = YES;
				CLANG_WARN_BOOL_CONVERSION = YES;
				CLANG_WARN_CONSTANT_CONVERSION = YES;
				CLANG_WARN_DIRECT_OBJC_ISA_USAGE = YES_ERROR;
				CLANG_WARN_EMPTY_BODY = YES;
				CLANG_WARN_ENUM_CONVERSION = YES;
				CLANG_WARN_INT_CONVERSION = YES;
				CLANG_WARN_OBJC_ROOT_CLASS = YES_ERROR;
				CLANG_WARN_UNREACHABLE_CODE = YES;
				CLANG_WARN__DUPLICATE_METHOD_MATCH = YES;
				"CODE_SIGN_IDENTITY[sdk=iphoneos*]" = "iPhone Developer";
				COPY_PHASE_STRIP = NO;
				DEBUG_INFORMATION_FORMAT = "dwarf-with-dsym";
				ENABLE_NS_ASSERTIONS = NO;
				ENABLE_STRICT_OBJC_MSGSEND = YES;
				GCC_C_LANGUAGE_STANDARD = gnu99;
				GCC_NO_COMMON_BLOCKS = YES;
				GCC_WARN_64_TO_32_BIT_CONVERSION = YES;
				GCC_WARN_ABOUT_RETURN_TYPE = YES_ERROR;
				GCC_WARN_UNDECLARED_SELECTOR = YES;
				GCC_WARN_UNINITIALIZED_AUTOS = YES_AGGRESSIVE;
				GCC_WARN_UNUSED_FUNCTION = YES;
				GCC_WARN_UNUSED_VARIABLE = YES;
				IPHONEOS_DEPLOYMENT_TARGET = 9.2;
				MTL_ENABLE_DEBUG_INFO = NO;
				SDKROOT = iphoneos;
				TARGETED_DEVICE_FAMILY = "1,2";
				VALIDATE_PRODUCT = YES;
			};
			name = Release;
		};
		87FBB5F31D88FE0E0043418B /* Debug */ = {
			isa = XCBuildConfiguration;
			baseConfigurationReference = B628727812C71C6E13CCC5DA /* Pods-Animation.debug.xcconfig */;
			buildSettings = {
				ASSETCATALOG_COMPILER_APPICON_NAME = AppIcon;
				GCC_PRECOMPILE_PREFIX_HEADER = NO;
				GCC_PREFIX_HEADER = Animation/configuration.pch;
				INFOPLIST_FILE = Animation/Info.plist;
				IPHONEOS_DEPLOYMENT_TARGET = 8.0;
				LD_RUNPATH_SEARCH_PATHS = "$(inherited) @executable_path/Frameworks";
				PRODUCT_BUNDLE_IDENTIFIER = com.dahuangfeng.Animation;
				PRODUCT_NAME = "$(TARGET_NAME)";
			};
			name = Debug;
		};
		87FBB5F41D88FE0E0043418B /* Release */ = {
			isa = XCBuildConfiguration;
			baseConfigurationReference = B59144C0B8D7D42F70C8BF81 /* Pods-Animation.release.xcconfig */;
			buildSettings = {
				ASSETCATALOG_COMPILER_APPICON_NAME = AppIcon;
				GCC_PRECOMPILE_PREFIX_HEADER = NO;
				GCC_PREFIX_HEADER = Animation/configuration.pch;
				INFOPLIST_FILE = Animation/Info.plist;
				IPHONEOS_DEPLOYMENT_TARGET = 8.0;
				LD_RUNPATH_SEARCH_PATHS = "$(inherited) @executable_path/Frameworks";
				PRODUCT_BUNDLE_IDENTIFIER = com.dahuangfeng.Animation;
				PRODUCT_NAME = "$(TARGET_NAME)";
			};
			name = Release;
		};
		87FBB5F61D88FE0E0043418B /* Debug */ = {
			isa = XCBuildConfiguration;
			baseConfigurationReference = F3CB3180A94CC475B67AE0C2 /* Pods-AnimationTests.debug.xcconfig */;
			buildSettings = {
				BUNDLE_LOADER = "$(TEST_HOST)";
				INFOPLIST_FILE = AnimationTests/Info.plist;
				LD_RUNPATH_SEARCH_PATHS = "$(inherited) @executable_path/Frameworks @loader_path/Frameworks";
				PRODUCT_BUNDLE_IDENTIFIER = com.dahuangfeng.AnimationTests;
				PRODUCT_NAME = "$(TARGET_NAME)";
				TEST_HOST = "$(BUILT_PRODUCTS_DIR)/Animation.app/Animation";
			};
			name = Debug;
		};
		87FBB5F71D88FE0E0043418B /* Release */ = {
			isa = XCBuildConfiguration;
			baseConfigurationReference = 4446EC56B9A51CBA432D450D /* Pods-AnimationTests.release.xcconfig */;
			buildSettings = {
				BUNDLE_LOADER = "$(TEST_HOST)";
				INFOPLIST_FILE = AnimationTests/Info.plist;
				LD_RUNPATH_SEARCH_PATHS = "$(inherited) @executable_path/Frameworks @loader_path/Frameworks";
				PRODUCT_BUNDLE_IDENTIFIER = com.dahuangfeng.AnimationTests;
				PRODUCT_NAME = "$(TARGET_NAME)";
				TEST_HOST = "$(BUILT_PRODUCTS_DIR)/Animation.app/Animation";
			};
			name = Release;
		};
		87FBB5F91D88FE0E0043418B /* Debug */ = {
			isa = XCBuildConfiguration;
			baseConfigurationReference = 8CBDC3C8CC4500F5D1E9123A /* Pods-AnimationUITests.debug.xcconfig */;
			buildSettings = {
				INFOPLIST_FILE = AnimationUITests/Info.plist;
				LD_RUNPATH_SEARCH_PATHS = "$(inherited) @executable_path/Frameworks @loader_path/Frameworks";
				PRODUCT_BUNDLE_IDENTIFIER = com.dahuangfeng.AnimationUITests;
				PRODUCT_NAME = "$(TARGET_NAME)";
				TEST_TARGET_NAME = Animation;
				USES_XCTRUNNER = YES;
			};
			name = Debug;
		};
		87FBB5FA1D88FE0E0043418B /* Release */ = {
			isa = XCBuildConfiguration;
			baseConfigurationReference = 68AC54577FC1182F6D8556FA /* Pods-AnimationUITests.release.xcconfig */;
			buildSettings = {
				INFOPLIST_FILE = AnimationUITests/Info.plist;
				LD_RUNPATH_SEARCH_PATHS = "$(inherited) @executable_path/Frameworks @loader_path/Frameworks";
				PRODUCT_BUNDLE_IDENTIFIER = com.dahuangfeng.AnimationUITests;
				PRODUCT_NAME = "$(TARGET_NAME)";
				TEST_TARGET_NAME = Animation;
				USES_XCTRUNNER = YES;
			};
			name = Release;
		};
/* End XCBuildConfiguration section */

/* Begin XCConfigurationList section */
		87FBB5C01D88FE0E0043418B /* Build configuration list for PBXProject "Animation" */ = {
			isa = XCConfigurationList;
			buildConfigurations = (
				87FBB5F01D88FE0E0043418B /* Debug */,
				87FBB5F11D88FE0E0043418B /* Release */,
			);
			defaultConfigurationIsVisible = 0;
			defaultConfigurationName = Release;
		};
		87FBB5F21D88FE0E0043418B /* Build configuration list for PBXNativeTarget "Animation" */ = {
			isa = XCConfigurationList;
			buildConfigurations = (
				87FBB5F31D88FE0E0043418B /* Debug */,
				87FBB5F41D88FE0E0043418B /* Release */,
			);
			defaultConfigurationIsVisible = 0;
			defaultConfigurationName = Release;
		};
		87FBB5F51D88FE0E0043418B /* Build configuration list for PBXNativeTarget "AnimationTests" */ = {
			isa = XCConfigurationList;
			buildConfigurations = (
				87FBB5F61D88FE0E0043418B /* Debug */,
				87FBB5F71D88FE0E0043418B /* Release */,
			);
			defaultConfigurationIsVisible = 0;
			defaultConfigurationName = Release;
		};
		87FBB5F81D88FE0E0043418B /* Build configuration list for PBXNativeTarget "AnimationUITests" */ = {
			isa = XCConfigurationList;
			buildConfigurations = (
				87FBB5F91D88FE0E0043418B /* Debug */,
				87FBB5FA1D88FE0E0043418B /* Release */,
			);
			defaultConfigurationIsVisible = 0;
			defaultConfigurationName = Release;
		};
/* End XCConfigurationList section */
	};
	rootObject = 87FBB5BD1D88FE0E0043418B /* Project object */;
}
